
Microsoft Visual Studio Solution File, Format Version 12.00
# Visual Studio Version 17
VisualStudioVersion = 17.13.35806.99 d17.13
MinimumVisualStudioVersion = 10.0.40219.1
Project("{FAE04EC0-301F-11D3-BF4B-00C04F79EFBC}") = "TallerGemini", "TallerGemini\TallerGemini.csproj", "{FBB7AB72-29D1-446D-BF27-173A5FC0B968}"
EndProject
Global
	GlobalSection(SolutionConfigurationPlatforms) = preSolution
		Debug|Any CPU = Debug|Any CPU
		Release|Any CPU = Release|Any CPU
	EndGlobalSection
	GlobalSection(ProjectConfigurationPlatforms) = postSolution
		{FBB7AB72-29D1-446D-BF27-173A5FC0B968}.Debug|Any CPU.ActiveCfg = Debug|Any CPU
		{FBB7AB72-29D1-446D-BF27-173A5FC0B968}.Debug|Any CPU.Build.0 = Debug|Any CPU
		{FBB7AB72-29D1-446D-BF27-173A5FC0B968}.Release|Any CPU.ActiveCfg = Release|Any CPU
		{FBB7AB72-29D1-446D-BF27-173A5FC0B968}.Release|Any CPU.Build.0 = Release|Any CPU
	EndGlobalSection
	GlobalSection(SolutionProperties) = preSolution
		HideSolutionNode = FALSE
	EndGlobalSection
	GlobalSection(ExtensibilityGlobals) = postSolution
		SolutionGuid = {3A64377F-1512-4634-9455-AF26BD6B4486}
	EndGlobalSection
EndGlobal
